
Microsoft Visual Studio Solution File, Format Version 12.00
# Visual Studio Version 17
VisualStudioVersion = 17.7.34202.233
MinimumVisualStudioVersion = 10.0.40219.1
Project("{FAE04EC0-301F-11D3-BF4B-00C04F79EFBC}") = "VbcMobile", "VbcMobile\VbcMobile.csproj", "{224AF149-03AE-4C0C-BFB7-01A0CF21F796}"
EndProject
Global
	GlobalSection(SolutionConfigurationPlatforms) = preSolution
		Debug|Any CPU = Debug|Any CPU
		Release|Any CPU = Release|Any CPU
	EndGlobalSection
	GlobalSection(ProjectConfigurationPlatforms) = postSolution
		{224AF149-03AE-4C0C-BFB7-01A0CF21F796}.Debug|Any CPU.ActiveCfg = Debug|Any CPU
		{224AF149-03AE-4C0C-BFB7-01A0CF21F796}.Debug|Any CPU.Build.0 = Debug|Any CPU
		{224AF149-03AE-4C0C-BFB7-01A0CF21F796}.Release|Any CPU.ActiveCfg = Release|Any CPU
		{224AF149-03AE-4C0C-BFB7-01A0CF21F796}.Release|Any CPU.Build.0 = Release|Any CPU
	EndGlobalSection
	GlobalSection(SolutionProperties) = preSolution
		HideSolutionNode = FALSE
	EndGlobalSection
	GlobalSection(ExtensibilityGlobals) = postSolution
		SolutionGuid = {88A9E9AC-9EC0-4A5A-98F0-E41DDF690E3A}
	EndGlobalSection
EndGlobal
